schema: '2.0'
stages:
  prepare:
    cmd: python src/prepare.py
    deps:
    - path: src/prepare.py
      hash: md5
      md5: 14b6dc864244918091b3295cc4eabcde
      size: 381
    outs:
    - path: data/raw
      hash: md5
      md5: ce8685a23dfdb9d880edfa3a578e7adc.dir
      size: 30869925
      nfiles: 1
  preprocess:
    cmd: python src/preprocess.py
    deps:
    - path: data/raw
      hash: md5
      md5: ce8685a23dfdb9d880edfa3a578e7adc.dir
      size: 30869925
      nfiles: 1
    - path: src/preprocess.py
      hash: md5
      md5: 292a8ed5f0139587756a4e65a334f3ce
      size: 1001
    params:
      params.yaml:
        preprocess:
          val_size: 0.1
          seed: 42
    outs:
    - path: data/processed
      hash: md5
      md5: 44c4f8473d7fef508dfb232ae18cc3df.dir
      size: 52071990
      nfiles: 3
  train:
    cmd: python src/train.py
    deps:
    - path: data/processed
      hash: md5
      md5: 44c4f8473d7fef508dfb232ae18cc3df.dir
      size: 52071990
      nfiles: 3
    - path: src/train.py
      hash: md5
      md5: 738aac779a279b81667c892f6e8c42de
      size: 1119
    params:
      params.yaml:
        train:
          dense_units: 256
          dropout_rate: 0.2
          learning_rate: 0.001
          epochs: 10
          batch_size: 64
          seed: 42
    outs:
    - path: models
      hash: md5
      md5: a03223447d06103f1955146ee99bace0.dir
      size: 2467717
      nfiles: 2
  evaluate:
    cmd: python src/evaluate.py
    deps:
    - path: data/processed/test.npz
      hash: md5
      md5: c890981325adfaa0a8ed38b36d9cf689
      size: 7462521
    - path: models/model.h5
      hash: md5
      md5: 8d46eb467366772c16d5d71235500d25
      size: 2466904
    - path: src/evaluate.py
      hash: md5
      md5: 39dab4b2b0fedee01183b72c0316fa20
      size: 817
    outs:
    - path: metrics.json
      hash: md5
      md5: 69bedd7dc624c1047ef98e99f40aa8f9
      size: 80
    - path: reports/confusion_matrix.png
      hash: md5
      md5: 2ca03772ab8154cf16f0a250a294526f
      size: 47460
