schema: '2.0'
stages:
  prepare:
    cmd: python src/prepare.py
    deps:
    - path: src/prepare.py
      hash: md5
      md5: 14b6dc864244918091b3295cc4eabcde
      size: 381
    outs:
    - path: data/raw
      hash: md5
      md5: ce8685a23dfdb9d880edfa3a578e7adc.dir
      size: 30869925
      nfiles: 1
  preprocess:
    cmd: python src/preprocess.py
    deps:
    - path: data/raw
      hash: md5
      md5: ce8685a23dfdb9d880edfa3a578e7adc.dir
      size: 30869925
      nfiles: 1
    - path: src/preprocess.py
      hash: md5
      md5: 3ec5b3ef55f23f89354bf8087970cf61
      size: 944
    params:
      params.yaml:
        preprocess:
          val_size: 0.1
          seed: 42
    outs:
    - path: data/processed
      hash: md5
      md5: 72e2e9e61a068ef7eafc02ce2dcc6e9b.dir
      size: 45395127
      nfiles: 3
  train:
    cmd: python src/train.py
    deps:
    - path: data/processed
      hash: md5
      md5: 72e2e9e61a068ef7eafc02ce2dcc6e9b.dir
      size: 45395127
      nfiles: 3
    - path: src/train.py
      hash: md5
      md5: 738aac779a279b81667c892f6e8c42de
      size: 1119
    params:
      params.yaml:
        train:
          dense_units: 128
          dropout_rate: 0.2
          learning_rate: 0.001
          epochs: 10
          batch_size: 64
          seed: 42
    outs:
    - path: models
      hash: md5
      md5: 63904e66b415daaabe9e7e84b8d26475.dir
      size: 1246091
      nfiles: 2
  evaluate:
    cmd: python src/evaluate.py
    deps:
    - path: data/processed/test.npz
      hash: md5
      md5: a83c5b7af09297cca6b8c76ab8f1ceb2
      size: 6509632
    - path: models/model.h5
      hash: md5
      md5: 42bb0d87ee048451156cab3b274f01c2
      size: 1245272
    - path: src/evaluate.py
      hash: md5
      md5: 39dab4b2b0fedee01183b72c0316fa20
      size: 817
    outs:
    - path: metrics.json
      hash: md5
      md5: aa90df1a2f6933a297812cdb99ef7f55
      size: 80
    - path: reports/confusion_matrix.png
      hash: md5
      md5: 247d3a9634da6e582f165932f6652fd7
      size: 47173
